
Microsoft Visual Studio Solution File, Format Version 12.00
# Visual Studio 15
Project("{FAE04EC0-301F-11D3-BF4B-00C04F79EFBC}") = "Assembly-CSharp", "Assembly-CSharp.csproj", "{AB05702B-C272-F91C-CD7E-48F4DF9CC674}"
EndProject
Project("{FAE04EC0-301F-11D3-BF4B-00C04F79EFBC}") = "Assembly-CSharp-Editor", "Assembly-CSharp-Editor.csproj", "{590DFDF8-D03B-CB1A-66EE-9DCF79741F83}"
EndProject
Global
	GlobalSection(SolutionConfigurationPlatforms) = preSolution
		Debug|Any CPU = Debug|Any CPU
		Release|Any CPU = Release|Any CPU
	EndGlobalSection
	GlobalSection(ProjectConfigurationPlatforms) = postSolution
		{AB05702B-C272-F91C-CD7E-48F4DF9CC674}.Debug|Any CPU.ActiveCfg = Debug|Any CPU
		{AB05702B-C272-F91C-CD7E-48F4DF9CC674}.Debug|Any CPU.Build.0 = Debug|Any CPU
		{AB05702B-C272-F91C-CD7E-48F4DF9CC674}.Release|Any CPU.ActiveCfg = Release|Any CPU
		{AB05702B-C272-F91C-CD7E-48F4DF9CC674}.Release|Any CPU.Build.0 = Release|Any CPU
		{590DFDF8-D03B-CB1A-66EE-9DCF79741F83}.Debug|Any CPU.ActiveCfg = Debug|Any CPU
		{590DFDF8-D03B-CB1A-66EE-9DCF79741F83}.Debug|Any CPU.Build.0 = Debug|Any CPU
		{590DFDF8-D03B-CB1A-66EE-9DCF79741F83}.Release|Any CPU.ActiveCfg = Release|Any CPU
		{590DFDF8-D03B-CB1A-66EE-9DCF79741F83}.Release|Any CPU.Build.0 = Release|Any CPU
	EndGlobalSection
	GlobalSection(SolutionProperties) = preSolution
		HideSolutionNode = FALSE
	EndGlobalSection
EndGlobal
